
Microsoft Visual Studio Solution File, Format Version 12.00
# Visual Studio Version 16
VisualStudioVersion = 16.0.30907.101
MinimumVisualStudioVersion = 10.0.40219.1
Project("{FAE04EC0-301F-11D3-BF4B-00C04F79EFBC}") = "Cualnumeroesmenor", "SticoWhoIsSmall\Cualnumeroesmenor.csproj", "{D54C527D-44A2-49CD-AABD-FDF735AEF737}"
EndProject
Global
	GlobalSection(SolutionConfigurationPlatforms) = preSolution
		Debug|Any CPU = Debug|Any CPU
		Release|Any CPU = Release|Any CPU
	EndGlobalSection
	GlobalSection(ProjectConfigurationPlatforms) = postSolution
		{D54C527D-44A2-49CD-AABD-FDF735AEF737}.Debug|Any CPU.ActiveCfg = Debug|Any CPU
		{D54C527D-44A2-49CD-AABD-FDF735AEF737}.Debug|Any CPU.Build.0 = Debug|Any CPU
		{D54C527D-44A2-49CD-AABD-FDF735AEF737}.Release|Any CPU.ActiveCfg = Release|Any CPU
		{D54C527D-44A2-49CD-AABD-FDF735AEF737}.Release|Any CPU.Build.0 = Release|Any CPU
	EndGlobalSection
	GlobalSection(SolutionProperties) = preSolution
		HideSolutionNode = FALSE
	EndGlobalSection
	GlobalSection(ExtensibilityGlobals) = postSolution
		SolutionGuid = {D28A0F81-0C42-457F-AEEC-6DC6D768FEDA}
	EndGlobalSection
EndGlobal
